
Microsoft Visual Studio Solution File, Format Version 12.00
# Visual Studio Version 17
Project("{2150E333-8FDC-42A3-9474-1A3956D46DE8}") = "Core", "Core", "{15A0C35D-0158-05AB-6A5F-DE065636A09B}"
EndProject
Project("{8BC9CEB8-8B4A-11D0-8D11-00A0C91BC942}") = "CodeByteEngine", "CodeByteEngine\CodeByteEngine.vcxproj", "{8A2F1CE4-76FD-0FEA-5F91-80104BFEEB4E}"
EndProject
Project("{8BC9CEB8-8B4A-11D0-8D11-00A0C91BC942}") = "CodeByteMath", "CodeByteMath\CodeByteMath.vcxproj", "{9EA4E5E5-8A07-758A-338D-AD401FCF400D}"
EndProject
Project("{2150E333-8FDC-42A3-9474-1A3956D46DE8}") = "Misc", "Misc", "{7802C95D-64BA-0AAB-CDC1-E306B998A59B}"
EndProject
Project("{8BC9CEB8-8B4A-11D0-8D11-00A0C91BC942}") = "Sandbox", "SandBox\Sandbox.vcxproj", "{F4C124E3-60A1-A37E-69B9-2E55D5170AE0}"
EndProject
Global
	GlobalSection(SolutionConfigurationPlatforms) = preSolution
		Debug|x64 = Debug|x64
		Dist|x64 = Dist|x64
		Release|x64 = Release|x64
	EndGlobalSection
	GlobalSection(ProjectConfigurationPlatforms) = postSolution
		{8A2F1CE4-76FD-0FEA-5F91-80104BFEEB4E}.Debug|x64.ActiveCfg = Debug|x64
		{8A2F1CE4-76FD-0FEA-5F91-80104BFEEB4E}.Debug|x64.Build.0 = Debug|x64
		{8A2F1CE4-76FD-0FEA-5F91-80104BFEEB4E}.Dist|x64.ActiveCfg = Dist|x64
		{8A2F1CE4-76FD-0FEA-5F91-80104BFEEB4E}.Dist|x64.Build.0 = Dist|x64
		{8A2F1CE4-76FD-0FEA-5F91-80104BFEEB4E}.Release|x64.ActiveCfg = Release|x64
		{8A2F1CE4-76FD-0FEA-5F91-80104BFEEB4E}.Release|x64.Build.0 = Release|x64
		{9EA4E5E5-8A07-758A-338D-AD401FCF400D}.Debug|x64.ActiveCfg = Debug|x64
		{9EA4E5E5-8A07-758A-338D-AD401FCF400D}.Debug|x64.Build.0 = Debug|x64
		{9EA4E5E5-8A07-758A-338D-AD401FCF400D}.Dist|x64.ActiveCfg = Dist|x64
		{9EA4E5E5-8A07-758A-338D-AD401FCF400D}.Dist|x64.Build.0 = Dist|x64
		{9EA4E5E5-8A07-758A-338D-AD401FCF400D}.Release|x64.ActiveCfg = Release|x64
		{9EA4E5E5-8A07-758A-338D-AD401FCF400D}.Release|x64.Build.0 = Release|x64
		{F4C124E3-60A1-A37E-69B9-2E55D5170AE0}.Debug|x64.ActiveCfg = Debug|x64
		{F4C124E3-60A1-A37E-69B9-2E55D5170AE0}.Debug|x64.Build.0 = Debug|x64
		{F4C124E3-60A1-A37E-69B9-2E55D5170AE0}.Dist|x64.ActiveCfg = Dist|x64
		{F4C124E3-60A1-A37E-69B9-2E55D5170AE0}.Dist|x64.Build.0 = Dist|x64
		{F4C124E3-60A1-A37E-69B9-2E55D5170AE0}.Release|x64.ActiveCfg = Release|x64
		{F4C124E3-60A1-A37E-69B9-2E55D5170AE0}.Release|x64.Build.0 = Release|x64
	EndGlobalSection
	GlobalSection(SolutionProperties) = preSolution
		HideSolutionNode = FALSE
	EndGlobalSection
	GlobalSection(NestedProjects) = preSolution
		{8A2F1CE4-76FD-0FEA-5F91-80104BFEEB4E} = {15A0C35D-0158-05AB-6A5F-DE065636A09B}
		{9EA4E5E5-8A07-758A-338D-AD401FCF400D} = {15A0C35D-0158-05AB-6A5F-DE065636A09B}
		{F4C124E3-60A1-A37E-69B9-2E55D5170AE0} = {7802C95D-64BA-0AAB-CDC1-E306B998A59B}
	EndGlobalSection
EndGlobal
