<?xml version="1.0" encoding="utf-8"?>
<Project ToolsVersion="4.0" xmlns="http://schemas.microsoft.com/developer/msbuild/2003">
  <ItemGroup>
    <Filter Include="Util">
      <UniqueIdentifier>{5357ffe7-523f-48a5-ac0a-e2a5bc69ad09}</UniqueIdentifier>
    </Filter>
    <Filter Include="App/Window">
      <UniqueIdentifier>{c143bf04-9b20-4573-9939-752d98d9fa2b}</UniqueIdentifier>
    </Filter>
    <Filter Include="App/Window\Win32">
      <UniqueIdentifier>{f02d34a4-6955-4602-b5dd-98aee9e15197}</UniqueIdentifier>
    </Filter>
    <Filter Include="2D">
      <UniqueIdentifier>{677ee63a-6626-4b1a-a1e7-e6ab64c2198e}</UniqueIdentifier>
    </Filter>
    <Filter Include="2D\Win32">
      <UniqueIdentifier>{4063f971-b8ee-43c9-b7ed-965ea0fe3db6}</UniqueIdentifier>
    </Filter>
  </ItemGroup>
  <ItemGroup>
    <ClInclude Include="Error.h">
      <Filter>Util</Filter>
    </ClInclude>
    <ClInclude Include="Window.h">
      <Filter>App/Window\Win32</Filter>
    </ClInclude>
    <ClInclude Include="App.h">
      <Filter>App/Window\Win32</Filter>
    </ClInclude>
    <ClInclude Include="Graphics.h">
      <Filter>2D\Win32</Filter>
    </ClInclude>
    <ClInclude Include="Timer.h">
      <Filter>Util</Filter>
    </ClInclude>
  </ItemGroup>
  <ItemGroup>
    <ClCompile Include="Error.cpp">
      <Filter>Util</Filter>
    </ClCompile>
    <ClCompile Include="Window.cpp">
      <Filter>App/Window\Win32</Filter>
    </ClCompile>
    <ClCompile Include="App.cpp">
      <Filter>App/Window\Win32</Filter>
    </ClCompile>
    <ClCompile Include="Graphics.cpp">
      <Filter>2D\Win32</Filter>
    </ClCompile>
    <ClCompile Include="Timer.cpp">
      <Filter>Util</Filter>
    </ClCompile>
  </ItemGroup>
  <ItemGroup>
    <FxCompile Include="Base.hlsl" />
  </ItemGroup>
</Project>